
Microsoft Visual Studio Solution File, Format Version 12.00
# Visual Studio Version 17
VisualStudioVersion = 17.4.33403.182
MinimumVisualStudioVersion = 10.0.40219.1
Project("{FAE04EC0-301F-11D3-BF4B-00C04F79EFBC}") = "Guess number", "Guess number\Guess number.csproj", "{552E56B9-10C2-46A0-B1EE-B87B440C0490}"
EndProject
Global
	GlobalSection(SolutionConfigurationPlatforms) = preSolution
		Debug|Any CPU = Debug|Any CPU
		Release|Any CPU = Release|Any CPU
	EndGlobalSection
	GlobalSection(ProjectConfigurationPlatforms) = postSolution
		{552E56B9-10C2-46A0-B1EE-B87B440C0490}.Debug|Any CPU.ActiveCfg = Debug|Any CPU
		{552E56B9-10C2-46A0-B1EE-B87B440C0490}.Debug|Any CPU.Build.0 = Debug|Any CPU
		{552E56B9-10C2-46A0-B1EE-B87B440C0490}.Release|Any CPU.ActiveCfg = Release|Any CPU
		{552E56B9-10C2-46A0-B1EE-B87B440C0490}.Release|Any CPU.Build.0 = Release|Any CPU
	EndGlobalSection
	GlobalSection(SolutionProperties) = preSolution
		HideSolutionNode = FALSE
	EndGlobalSection
	GlobalSection(ExtensibilityGlobals) = postSolution
		SolutionGuid = {F7D2D060-514A-496E-AD61-5C1FAA86DB56}
	EndGlobalSection
EndGlobal
